
Microsoft Visual Studio Solution File, Format Version 12.00
# Visual Studio Version 17
VisualStudioVersion = 17.14.36414.22
MinimumVisualStudioVersion = 10.0.40219.1
Project("{2150E333-8FDC-42A3-9474-1A3956D46DE8}") = "Task0", "Task0", "{02EA681E-C7D8-13C7-8484-4AC65E1B71E8}"
EndProject
Project("{FAE04EC0-301F-11D3-BF4B-00C04F79EFBC}") = "Tyuiu.SafronovVE.Sprint2.Task0.V4", "Tyuiu.SafronovVE.Sprint2.Task0.V4\Tyuiu.SafronovVE.Sprint2.Task0.V4.csproj", "{5EDF01C6-3D5C-4BA5-993D-E18F0BD615B1}"
EndProject
Project("{FAE04EC0-301F-11D3-BF4B-00C04F79EFBC}") = "Tyuiu.SafronovVE.Sprint2.Task0.V4.Lib", "Tyuiu.SafronovVE.Sprint2.Task0.V4.Lib\Tyuiu.SafronovVE.Sprint2.Task0.V4.Lib.csproj", "{A6B9D3B6-F118-49EB-A315-70909AC39FB6}"
EndProject
Project("{FAE04EC0-301F-11D3-BF4B-00C04F79EFBC}") = "Tyuiu.SafronovVE.Sprint2.Task0.V4.Test", "Tyuiu.SafronovVE.Sprint2.Task0.V4.Test\Tyuiu.SafronovVE.Sprint2.Task0.V4.Test.csproj", "{29D5251B-78C2-48F9-9FB2-518C9A9D2DB2}"
EndProject
Project("{2150E333-8FDC-42A3-9474-1A3956D46DE8}") = "Task1", "Task1", "{A0809555-67AB-4940-850F-357915972170}"
EndProject
Project("{FAE04EC0-301F-11D3-BF4B-00C04F79EFBC}") = "Tyuiu.SafronovVE.Sprint2.Task1.V19", "Tyuiu.SafronovVE.Sprint2.Task1.V19\Tyuiu.SafronovVE.Sprint2.Task1.V19.csproj", "{ECEDFD44-2CB9-40A9-B77F-A9F7DBC6A182}"
EndProject
Project("{FAE04EC0-301F-11D3-BF4B-00C04F79EFBC}") = "Tyuiu.SafronovVE.Sprint2.Task1.V19.Lib", "Tyuiu.SafronovVE.Sprint2.Task1.V19.Lib\Tyuiu.SafronovVE.Sprint2.Task1.V19.Lib.csproj", "{E6B124F9-A37D-4797-84C2-F6D759C8BBDE}"
EndProject
Project("{FAE04EC0-301F-11D3-BF4B-00C04F79EFBC}") = "Tyuiu.SafronovVE.Sprint2.Task1.V19.Test", "Tyuiu.SafronovVE.Sprint2.Task1.V19.Test\Tyuiu.SafronovVE.Sprint2.Task1.V19.Test.csproj", "{FC59F915-9393-4C3C-971D-ECB5BB186BA8}"
EndProject
Project("{2150E333-8FDC-42A3-9474-1A3956D46DE8}") = "Task2", "Task2", "{988B9698-FA59-46D2-90C8-4D0D0282DEE2}"
EndProject
Project("{FAE04EC0-301F-11D3-BF4B-00C04F79EFBC}") = "Tyuiu.SafronovVE.Sprint2.Task2.V5", "Tyuiu.SafronovVE.Sprint2.Task2.V5\Tyuiu.SafronovVE.Sprint2.Task2.V5.csproj", "{9FAC5126-076D-4278-98FD-C3D7770CBD51}"
EndProject
Project("{FAE04EC0-301F-11D3-BF4B-00C04F79EFBC}") = "Tyuiu.SafronovVE.Sprint2.Task2.V5.Lib", "Tyuiu.SafronovVE.Sprint2.Task2.V5.Lib\Tyuiu.SafronovVE.Sprint2.Task2.V5.Lib.csproj", "{7B81974C-297A-48AD-870A-2440BB3B552F}"
EndProject
Project("{FAE04EC0-301F-11D3-BF4B-00C04F79EFBC}") = "Tyuiu.SafronovVE.Sprint2.Task2.V5.Test", "Tyuiu.SafronovVE.Sprint2.Task2.V5.Test\Tyuiu.SafronovVE.Sprint2.Task2.V5.Test.csproj", "{C8344683-D71F-47F8-8B01-003FCA41372C}"
EndProject
Project("{2150E333-8FDC-42A3-9474-1A3956D46DE8}") = "Task3", "Task3", "{EF79C727-EE64-49A9-A448-28A60B39C872}"
EndProject
Project("{FAE04EC0-301F-11D3-BF4B-00C04F79EFBC}") = "Tyuiu.SafronovVE.Sprint2.Task3.V25", "Tyuiu.SafronovVE.Sprint2.Task3.V25\Tyuiu.SafronovVE.Sprint2.Task3.V25.csproj", "{71E1C932-1F9D-4FCB-A9A3-C3D217B8E3A2}"
EndProject
Project("{FAE04EC0-301F-11D3-BF4B-00C04F79EFBC}") = "Tyuiu.SafronovVE.Sprint2.Task3.V25.Lib", "Tyuiu.SafronovVE.Sprint2.Task3.V25.Lib\Tyuiu.SafronovVE.Sprint2.Task3.V25.Lib.csproj", "{A0251D53-E7BA-4789-A900-610E08FF079F}"
EndProject
Project("{FAE04EC0-301F-11D3-BF4B-00C04F79EFBC}") = "Tyuiu.SafronovVE.Sprint2.Task3.V25.Test", "Tyuiu.SafronovVE.Sprint2.Task3.V25.Test\Tyuiu.SafronovVE.Sprint2.Task3.V25.Test.csproj", "{A69781DE-CD85-4055-A82A-22329AF784EB}"
EndProject
Project("{2150E333-8FDC-42A3-9474-1A3956D46DE8}") = "Task4", "Task4", "{C8238E2A-2304-43E5-B7CC-246B6EAFF6B5}"
EndProject
Project("{FAE04EC0-301F-11D3-BF4B-00C04F79EFBC}") = "Tyuiu.SafronovVE.Sprint2.Task4.V16", "Tyuiu.SafronovVE.Sprint2.Task4.V16\Tyuiu.SafronovVE.Sprint2.Task4.V16.csproj", "{E93658C4-96EE-4B96-B089-948C631102F1}"
EndProject
Project("{FAE04EC0-301F-11D3-BF4B-00C04F79EFBC}") = "Tyuiu.SafronovVE.Sprint2.Task4.V16.Lib", "Tyuiu.SafronovVE.Sprint2.Task4.V16.Lib\Tyuiu.SafronovVE.Sprint2.Task4.V16.Lib.csproj", "{9AABEAE1-A32B-49C9-B1C3-097C9B5D641D}"
EndProject
Project("{FAE04EC0-301F-11D3-BF4B-00C04F79EFBC}") = "Tyuiu.SafronovVE.Sprint2.Task4.V16.Test", "Tyuiu.SafronovVE.Sprint2.Task4.V16.Test\Tyuiu.SafronovVE.Sprint2.Task4.V16.Test.csproj", "{9A1DE728-2B47-4626-B613-DDC5C114F131}"
EndProject
Project("{2150E333-8FDC-42A3-9474-1A3956D46DE8}") = "Task5", "Task5", "{E5475A90-9CEE-47D6-8901-9EA3DDA1B779}"
EndProject
Project("{FAE04EC0-301F-11D3-BF4B-00C04F79EFBC}") = "Tyuiu.SafronovVE.Sprint2.Task5.V7", "Tyuiu.SafronovVE.Sprint2.Task5.V7\Tyuiu.SafronovVE.Sprint2.Task5.V7.csproj", "{CD21D00D-E372-446B-9AC6-7049630E75A2}"
EndProject
Project("{FAE04EC0-301F-11D3-BF4B-00C04F79EFBC}") = "Tyuiu.SafronovVE.Sprint2.Task5.V7.Lib", "Tyuiu.SafronovVE.Sprint2.Task5.V7.Lib\Tyuiu.SafronovVE.Sprint2.Task5.V7.Lib.csproj", "{5F825CA6-D96A-47E1-B0E6-C9ECE7F1247D}"
EndProject
Project("{FAE04EC0-301F-11D3-BF4B-00C04F79EFBC}") = "Tyuiu.SafronovVE.Sprint2.Task5.V7.Test", "Tyuiu.SafronovVE.Sprint2.Task5.V7.Test\Tyuiu.SafronovVE.Sprint2.Task5.V7.Test.csproj", "{62C75FC0-F611-4C20-96FC-52E3360AEF8E}"
EndProject
Project("{2150E333-8FDC-42A3-9474-1A3956D46DE8}") = "Task6", "Task6", "{5DF62457-27BA-4A7A-95A2-7AF349274915}"
EndProject
Project("{FAE04EC0-301F-11D3-BF4B-00C04F79EFBC}") = "Tyuiu.SafronovVE.Sprint2.Task6.V6", "Tyuiu.SafronovVE.Sprint2.Task6.V6\Tyuiu.SafronovVE.Sprint2.Task6.V6.csproj", "{825CB256-B9BE-416C-85AD-F19FF1309385}"
EndProject
Project("{FAE04EC0-301F-11D3-BF4B-00C04F79EFBC}") = "Tyuiu.SafronovVE.Sprint2.Task6.V6.Lib", "Tyuiu.SafronovVE.Sprint2.Task6.V6.Lib\Tyuiu.SafronovVE.Sprint2.Task6.V6.Lib.csproj", "{FE2E947B-1294-4754-AA71-6EE984084D82}"
EndProject
Project("{FAE04EC0-301F-11D3-BF4B-00C04F79EFBC}") = "Tyuiu.SafronovVE.Sprint2.Task6.V6.Test", "Tyuiu.SafronovVE.Sprint2.Task6.V6.Test\Tyuiu.SafronovVE.Sprint2.Task6.V6.Test.csproj", "{E3FE3FCF-5BA5-4D64-BE4A-1061AEB16402}"
EndProject
Global
	GlobalSection(SolutionConfigurationPlatforms) = preSolution
		Debug|Any CPU = Debug|Any CPU
		Release|Any CPU = Release|Any CPU
	EndGlobalSection
	GlobalSection(ProjectConfigurationPlatforms) = postSolution
		{5EDF01C6-3D5C-4BA5-993D-E18F0BD615B1}.Debug|Any CPU.ActiveCfg = Debug|Any CPU
		{5EDF01C6-3D5C-4BA5-993D-E18F0BD615B1}.Debug|Any CPU.Build.0 = Debug|Any CPU
		{5EDF01C6-3D5C-4BA5-993D-E18F0BD615B1}.Release|Any CPU.ActiveCfg = Release|Any CPU
		{5EDF01C6-3D5C-4BA5-993D-E18F0BD615B1}.Release|Any CPU.Build.0 = Release|Any CPU
		{A6B9D3B6-F118-49EB-A315-70909AC39FB6}.Debug|Any CPU.ActiveCfg = Debug|Any CPU
		{A6B9D3B6-F118-49EB-A315-70909AC39FB6}.Debug|Any CPU.Build.0 = Debug|Any CPU
		{A6B9D3B6-F118-49EB-A315-70909AC39FB6}.Release|Any CPU.ActiveCfg = Release|Any CPU
		{A6B9D3B6-F118-49EB-A315-70909AC39FB6}.Release|Any CPU.Build.0 = Release|Any CPU
		{29D5251B-78C2-48F9-9FB2-518C9A9D2DB2}.Debug|Any CPU.ActiveCfg = Debug|Any CPU
		{29D5251B-78C2-48F9-9FB2-518C9A9D2DB2}.Debug|Any CPU.Build.0 = Debug|Any CPU
		{29D5251B-78C2-48F9-9FB2-518C9A9D2DB2}.Release|Any CPU.ActiveCfg = Release|Any CPU
		{29D5251B-78C2-48F9-9FB2-518C9A9D2DB2}.Release|Any CPU.Build.0 = Release|Any CPU
		{ECEDFD44-2CB9-40A9-B77F-A9F7DBC6A182}.Debug|Any CPU.ActiveCfg = Debug|Any CPU
		{ECEDFD44-2CB9-40A9-B77F-A9F7DBC6A182}.Debug|Any CPU.Build.0 = Debug|Any CPU
		{ECEDFD44-2CB9-40A9-B77F-A9F7DBC6A182}.Release|Any CPU.ActiveCfg = Release|Any CPU
		{ECEDFD44-2CB9-40A9-B77F-A9F7DBC6A182}.Release|Any CPU.Build.0 = Release|Any CPU
		{E6B124F9-A37D-4797-84C2-F6D759C8BBDE}.Debug|Any CPU.ActiveCfg = Debug|Any CPU
		{E6B124F9-A37D-4797-84C2-F6D759C8BBDE}.Debug|Any CPU.Build.0 = Debug|Any CPU
		{E6B124F9-A37D-4797-84C2-F6D759C8BBDE}.Release|Any CPU.ActiveCfg = Release|Any CPU
		{E6B124F9-A37D-4797-84C2-F6D759C8BBDE}.Release|Any CPU.Build.0 = Release|Any CPU
		{FC59F915-9393-4C3C-971D-ECB5BB186BA8}.Debug|Any CPU.ActiveCfg = Debug|Any CPU
		{FC59F915-9393-4C3C-971D-ECB5BB186BA8}.Debug|Any CPU.Build.0 = Debug|Any CPU
		{FC59F915-9393-4C3C-971D-ECB5BB186BA8}.Release|Any CPU.ActiveCfg = Release|Any CPU
		{FC59F915-9393-4C3C-971D-ECB5BB186BA8}.Release|Any CPU.Build.0 = Release|Any CPU
		{9FAC5126-076D-4278-98FD-C3D7770CBD51}.Debug|Any CPU.ActiveCfg = Debug|Any CPU
		{9FAC5126-076D-4278-98FD-C3D7770CBD51}.Debug|Any CPU.Build.0 = Debug|Any CPU
		{9FAC5126-076D-4278-98FD-C3D7770CBD51}.Release|Any CPU.ActiveCfg = Release|Any CPU
		{9FAC5126-076D-4278-98FD-C3D7770CBD51}.Release|Any CPU.Build.0 = Release|Any CPU
		{7B81974C-297A-48AD-870A-2440BB3B552F}.Debug|Any CPU.ActiveCfg = Debug|Any CPU
		{7B81974C-297A-48AD-870A-2440BB3B552F}.Debug|Any CPU.Build.0 = Debug|Any CPU
		{7B81974C-297A-48AD-870A-2440BB3B552F}.Release|Any CPU.ActiveCfg = Release|Any CPU
		{7B81974C-297A-48AD-870A-2440BB3B552F}.Release|Any CPU.Build.0 = Release|Any CPU
		{C8344683-D71F-47F8-8B01-003FCA41372C}.Debug|Any CPU.ActiveCfg = Debug|Any CPU
		{C8344683-D71F-47F8-8B01-003FCA41372C}.Debug|Any CPU.Build.0 = Debug|Any CPU
		{C8344683-D71F-47F8-8B01-003FCA41372C}.Release|Any CPU.ActiveCfg = Release|Any CPU
		{C8344683-D71F-47F8-8B01-003FCA41372C}.Release|Any CPU.Build.0 = Release|Any CPU
		{71E1C932-1F9D-4FCB-A9A3-C3D217B8E3A2}.Debug|Any CPU.ActiveCfg = Debug|Any CPU
		{71E1C932-1F9D-4FCB-A9A3-C3D217B8E3A2}.Debug|Any CPU.Build.0 = Debug|Any CPU
		{71E1C932-1F9D-4FCB-A9A3-C3D217B8E3A2}.Release|Any CPU.ActiveCfg = Release|Any CPU
		{71E1C932-1F9D-4FCB-A9A3-C3D217B8E3A2}.Release|Any CPU.Build.0 = Release|Any CPU
		{A0251D53-E7BA-4789-A900-610E08FF079F}.Debug|Any CPU.ActiveCfg = Debug|Any CPU
		{A0251D53-E7BA-4789-A900-610E08FF079F}.Debug|Any CPU.Build.0 = Debug|Any CPU
		{A0251D53-E7BA-4789-A900-610E08FF079F}.Release|Any CPU.ActiveCfg = Release|Any CPU
		{A0251D53-E7BA-4789-A900-610E08FF079F}.Release|Any CPU.Build.0 = Release|Any CPU
		{A69781DE-CD85-4055-A82A-22329AF784EB}.Debug|Any CPU.ActiveCfg = Debug|Any CPU
		{A69781DE-CD85-4055-A82A-22329AF784EB}.Debug|Any CPU.Build.0 = Debug|Any CPU
		{A69781DE-CD85-4055-A82A-22329AF784EB}.Release|Any CPU.ActiveCfg = Release|Any CPU
		{A69781DE-CD85-4055-A82A-22329AF784EB}.Release|Any CPU.Build.0 = Release|Any CPU
		{E93658C4-96EE-4B96-B089-948C631102F1}.Debug|Any CPU.ActiveCfg = Debug|Any CPU
		{E93658C4-96EE-4B96-B089-948C631102F1}.Debug|Any CPU.Build.0 = Debug|Any CPU
		{E93658C4-96EE-4B96-B089-948C631102F1}.Release|Any CPU.ActiveCfg = Release|Any CPU
		{E93658C4-96EE-4B96-B089-948C631102F1}.Release|Any CPU.Build.0 = Release|Any CPU
		{9AABEAE1-A32B-49C9-B1C3-097C9B5D641D}.Debug|Any CPU.ActiveCfg = Debug|Any CPU
		{9AABEAE1-A32B-49C9-B1C3-097C9B5D641D}.Debug|Any CPU.Build.0 = Debug|Any CPU
		{9AABEAE1-A32B-49C9-B1C3-097C9B5D641D}.Release|Any CPU.ActiveCfg = Release|Any CPU
		{9AABEAE1-A32B-49C9-B1C3-097C9B5D641D}.Release|Any CPU.Build.0 = Release|Any CPU
		{9A1DE728-2B47-4626-B613-DDC5C114F131}.Debug|Any CPU.ActiveCfg = Debug|Any CPU
		{9A1DE728-2B47-4626-B613-DDC5C114F131}.Debug|Any CPU.Build.0 = Debug|Any CPU
		{9A1DE728-2B47-4626-B613-DDC5C114F131}.Release|Any CPU.ActiveCfg = Release|Any CPU
		{9A1DE728-2B47-4626-B613-DDC5C114F131}.Release|Any CPU.Build.0 = Release|Any CPU
		{CD21D00D-E372-446B-9AC6-7049630E75A2}.Debug|Any CPU.ActiveCfg = Debug|Any CPU
		{CD21D00D-E372-446B-9AC6-7049630E75A2}.Debug|Any CPU.Build.0 = Debug|Any CPU
		{CD21D00D-E372-446B-9AC6-7049630E75A2}.Release|Any CPU.ActiveCfg = Release|Any CPU
		{CD21D00D-E372-446B-9AC6-7049630E75A2}.Release|Any CPU.Build.0 = Release|Any CPU
		{5F825CA6-D96A-47E1-B0E6-C9ECE7F1247D}.Debug|Any CPU.ActiveCfg = Debug|Any CPU
		{5F825CA6-D96A-47E1-B0E6-C9ECE7F1247D}.Debug|Any CPU.Build.0 = Debug|Any CPU
		{5F825CA6-D96A-47E1-B0E6-C9ECE7F1247D}.Release|Any CPU.ActiveCfg = Release|Any CPU
		{5F825CA6-D96A-47E1-B0E6-C9ECE7F1247D}.Release|Any CPU.Build.0 = Release|Any CPU
		{62C75FC0-F611-4C20-96FC-52E3360AEF8E}.Debug|Any CPU.ActiveCfg = Debug|Any CPU
		{62C75FC0-F611-4C20-96FC-52E3360AEF8E}.Debug|Any CPU.Build.0 = Debug|Any CPU
		{62C75FC0-F611-4C20-96FC-52E3360AEF8E}.Release|Any CPU.ActiveCfg = Release|Any CPU
		{62C75FC0-F611-4C20-96FC-52E3360AEF8E}.Release|Any CPU.Build.0 = Release|Any CPU
		{825CB256-B9BE-416C-85AD-F19FF1309385}.Debug|Any CPU.ActiveCfg = Debug|Any CPU
		{825CB256-B9BE-416C-85AD-F19FF1309385}.Debug|Any CPU.Build.0 = Debug|Any CPU
		{825CB256-B9BE-416C-85AD-F19FF1309385}.Release|Any CPU.ActiveCfg = Release|Any CPU
		{825CB256-B9BE-416C-85AD-F19FF1309385}.Release|Any CPU.Build.0 = Release|Any CPU
		{FE2E947B-1294-4754-AA71-6EE984084D82}.Debug|Any CPU.ActiveCfg = Debug|Any CPU
		{FE2E947B-1294-4754-AA71-6EE984084D82}.Debug|Any CPU.Build.0 = Debug|Any CPU
		{FE2E947B-1294-4754-AA71-6EE984084D82}.Release|Any CPU.ActiveCfg = Release|Any CPU
		{FE2E947B-1294-4754-AA71-6EE984084D82}.Release|Any CPU.Build.0 = Release|Any CPU
		{E3FE3FCF-5BA5-4D64-BE4A-1061AEB16402}.Debug|Any CPU.ActiveCfg = Debug|Any CPU
		{E3FE3FCF-5BA5-4D64-BE4A-1061AEB16402}.Debug|Any CPU.Build.0 = Debug|Any CPU
		{E3FE3FCF-5BA5-4D64-BE4A-1061AEB16402}.Release|Any CPU.ActiveCfg = Release|Any CPU
		{E3FE3FCF-5BA5-4D64-BE4A-1061AEB16402}.Release|Any CPU.Build.0 = Release|Any CPU
	EndGlobalSection
	GlobalSection(SolutionProperties) = preSolution
		HideSolutionNode = FALSE
	EndGlobalSection
	GlobalSection(NestedProjects) = preSolution
		{5EDF01C6-3D5C-4BA5-993D-E18F0BD615B1} = {02EA681E-C7D8-13C7-8484-4AC65E1B71E8}
		{A6B9D3B6-F118-49EB-A315-70909AC39FB6} = {02EA681E-C7D8-13C7-8484-4AC65E1B71E8}
		{29D5251B-78C2-48F9-9FB2-518C9A9D2DB2} = {02EA681E-C7D8-13C7-8484-4AC65E1B71E8}
		{ECEDFD44-2CB9-40A9-B77F-A9F7DBC6A182} = {A0809555-67AB-4940-850F-357915972170}
		{E6B124F9-A37D-4797-84C2-F6D759C8BBDE} = {A0809555-67AB-4940-850F-357915972170}
		{FC59F915-9393-4C3C-971D-ECB5BB186BA8} = {A0809555-67AB-4940-850F-357915972170}
		{9FAC5126-076D-4278-98FD-C3D7770CBD51} = {988B9698-FA59-46D2-90C8-4D0D0282DEE2}
		{7B81974C-297A-48AD-870A-2440BB3B552F} = {988B9698-FA59-46D2-90C8-4D0D0282DEE2}
		{C8344683-D71F-47F8-8B01-003FCA41372C} = {988B9698-FA59-46D2-90C8-4D0D0282DEE2}
		{71E1C932-1F9D-4FCB-A9A3-C3D217B8E3A2} = {EF79C727-EE64-49A9-A448-28A60B39C872}
		{A0251D53-E7BA-4789-A900-610E08FF079F} = {EF79C727-EE64-49A9-A448-28A60B39C872}
		{A69781DE-CD85-4055-A82A-22329AF784EB} = {EF79C727-EE64-49A9-A448-28A60B39C872}
		{E93658C4-96EE-4B96-B089-948C631102F1} = {C8238E2A-2304-43E5-B7CC-246B6EAFF6B5}
		{9AABEAE1-A32B-49C9-B1C3-097C9B5D641D} = {C8238E2A-2304-43E5-B7CC-246B6EAFF6B5}
		{9A1DE728-2B47-4626-B613-DDC5C114F131} = {C8238E2A-2304-43E5-B7CC-246B6EAFF6B5}
		{CD21D00D-E372-446B-9AC6-7049630E75A2} = {E5475A90-9CEE-47D6-8901-9EA3DDA1B779}
		{5F825CA6-D96A-47E1-B0E6-C9ECE7F1247D} = {E5475A90-9CEE-47D6-8901-9EA3DDA1B779}
		{62C75FC0-F611-4C20-96FC-52E3360AEF8E} = {E5475A90-9CEE-47D6-8901-9EA3DDA1B779}
		{825CB256-B9BE-416C-85AD-F19FF1309385} = {5DF62457-27BA-4A7A-95A2-7AF349274915}
		{FE2E947B-1294-4754-AA71-6EE984084D82} = {5DF62457-27BA-4A7A-95A2-7AF349274915}
		{E3FE3FCF-5BA5-4D64-BE4A-1061AEB16402} = {5DF62457-27BA-4A7A-95A2-7AF349274915}
	EndGlobalSection
	GlobalSection(ExtensibilityGlobals) = postSolution
		SolutionGuid = {13993B34-964D-4069-8696-DAE302F57081}
	EndGlobalSection
EndGlobal
